// !$*UTF8*$!
{
	archiveVersion = 1;
	classes = {
	};
	objectVersion = 55;
	objects = {

/* Begin PBXBuildFile section */
		364638842853E09300AEC887 /* Category.swift in Sources */ = {isa = PBXBuildFile; fileRef = 364638832853E09300AEC887 /* Category.swift */; };
		364638882853F8C800AEC887 /* Categories.swift in Sources */ = {isa = PBXBuildFile; fileRef = 364638872853F8C800AEC887 /* Categories.swift */; };
		3646388A285401EA00AEC887 /* CategoryTableViewCell.swift in Sources */ = {isa = PBXBuildFile; fileRef = 36463889285401EA00AEC887 /* CategoryTableViewCell.swift */; };
		3646388C2854C28D00AEC887 /* MealsViewController.swift in Sources */ = {isa = PBXBuildFile; fileRef = 3646388B2854C28D00AEC887 /* MealsViewController.swift */; };
		3646388E2854CB7B00AEC887 /* Meals.swift in Sources */ = {isa = PBXBuildFile; fileRef = 3646388D2854CB7B00AEC887 /* Meals.swift */; };
		364638902854CBDC00AEC887 /* Meal.swift in Sources */ = {isa = PBXBuildFile; fileRef = 3646388F2854CBDC00AEC887 /* Meal.swift */; };
		364638942854DB5400AEC887 /* MealDetailViewController.swift in Sources */ = {isa = PBXBuildFile; fileRef = 364638932854DB5400AEC887 /* MealDetailViewController.swift */; };
		364638982854F5C900AEC887 /* InstructionsSheetViewcontroller.swift in Sources */ = {isa = PBXBuildFile; fileRef = 364638972854F5C900AEC887 /* InstructionsSheetViewcontroller.swift */; };
		3646389A2854F61200AEC887 /* IngredientsSheetViewController.swift in Sources */ = {isa = PBXBuildFile; fileRef = 364638992854F61200AEC887 /* IngredientsSheetViewController.swift */; };
		3646705F2853B885008B518C /* MealsTableViewCell.swift in Sources */ = {isa = PBXBuildFile; fileRef = 3646705E2853B885008B518C /* MealsTableViewCell.swift */; };
		36B7F533285388BE001EDAA7 /* AppDelegate.swift in Sources */ = {isa = PBXBuildFile; fileRef = 36B7F532285388BE001EDAA7 /* AppDelegate.swift */; };
		36B7F535285388BE001EDAA7 /* SceneDelegate.swift in Sources */ = {isa = PBXBuildFile; fileRef = 36B7F534285388BE001EDAA7 /* SceneDelegate.swift */; };
		36B7F537285388BE001EDAA7 /* ViewController.swift in Sources */ = {isa = PBXBuildFile; fileRef = 36B7F536285388BE001EDAA7 /* ViewController.swift */; };
		36B7F53A285388BE001EDAA7 /* Main.storyboard in Resources */ = {isa = PBXBuildFile; fileRef = 36B7F538285388BE001EDAA7 /* Main.storyboard */; };
		36B7F53C285388C1001EDAA7 /* Assets.xcassets in Resources */ = {isa = PBXBuildFile; fileRef = 36B7F53B285388C1001EDAA7 /* Assets.xcassets */; };
		36B7F53F285388C1001EDAA7 /* LaunchScreen.storyboard in Resources */ = {isa = PBXBuildFile; fileRef = 36B7F53D285388C1001EDAA7 /* LaunchScreen.storyboard */; };
		36B7F54A285388C2001EDAA7 /* codeChallengeTests.swift in Sources */ = {isa = PBXBuildFile; fileRef = 36B7F549285388C2001EDAA7 /* codeChallengeTests.swift */; };
		36B7F554285388C2001EDAA7 /* codeChallengeUITests.swift in Sources */ = {isa = PBXBuildFile; fileRef = 36B7F553285388C2001EDAA7 /* codeChallengeUITests.swift */; };
		36B7F556285388C2001EDAA7 /* codeChallengeUITestsLaunchTests.swift in Sources */ = {isa = PBXBuildFile; fileRef = 36B7F555285388C2001EDAA7 /* codeChallengeUITestsLaunchTests.swift */; };
		5B6F555631D5D6A92122D902 /* Pods_codeChallengeTests.framework in Frameworks */ = {isa = PBXBuildFile; fileRef = EFF06E3A5E117432A0B3D92A /* Pods_codeChallengeTests.framework */; };
		AF8463EFD93C589566095DB9 /* Pods_codeChallenge.framework in Frameworks */ = {isa = PBXBuildFile; fileRef = 9C5353BB2669B1E445199766 /* Pods_codeChallenge.framework */; };
		FA61C6A4824D06B1ABA1A310 /* Pods_codeChallenge_codeChallengeUITests.framework in Frameworks */ = {isa = PBXBuildFile; fileRef = A9EDB33560F4FD79648DCB5D /* Pods_codeChallenge_codeChallengeUITests.framework */; };
/* End PBXBuildFile section */

/* Begin PBXContainerItemProxy section */
		36B7F546285388C2001EDAA7 /* PBXContainerItemProxy */ = {
			isa = PBXContainerItemProxy;
			containerPortal = 36B7F527285388BE001EDAA7 /* Project object */;
			proxyType = 1;
			remoteGlobalIDString = 36B7F52E285388BE001EDAA7;
			remoteInfo = codeChallenge;
		};
		36B7F550285388C2001EDAA7 /* PBXContainerItemProxy */ = {
			isa = PBXContainerItemProxy;
			containerPortal = 36B7F527285388BE001EDAA7 /* Project object */;
			proxyType = 1;
			remoteGlobalIDString = 36B7F52E285388BE001EDAA7;
			remoteInfo = codeChallenge;
		};
/* End PBXContainerItemProxy section */

/* Begin PBXFileReference section */
		00664066343D9AE8A95A0460 /* Pods-codeChallengeTests.release.xcconfig */ = {isa = PBXFileReference; includeInIndex = 1; lastKnownFileType = text.xcconfig; name = "Pods-codeChallengeTests.release.xcconfig"; path = "Target Support Files/Pods-codeChallengeTests/Pods-codeChallengeTests.release.xcconfig"; sourceTree = "<group>"; };
		364638832853E09300AEC887 /* Category.swift */ = {isa = PBXFileReference; lastKnownFileType = sourcecode.swift; path = Category.swift; sourceTree = "<group>"; };
		364638872853F8C800AEC887 /* Categories.swift */ = {isa = PBXFileReference; lastKnownFileType = sourcecode.swift; path = Categories.swift; sourceTree = "<group>"; };
		36463889285401EA00AEC887 /* CategoryTableViewCell.swift */ = {isa = PBXFileReference; lastKnownFileType = sourcecode.swift; path = CategoryTableViewCell.swift; sourceTree = "<group>"; };
		3646388B2854C28D00AEC887 /* MealsViewController.swift */ = {isa = PBXFileReference; lastKnownFileType = sourcecode.swift; path = MealsViewController.swift; sourceTree = "<group>"; };
		3646388D2854CB7B00AEC887 /* Meals.swift */ = {isa = PBXFileReference; lastKnownFileType = sourcecode.swift; path = Meals.swift; sourceTree = "<group>"; };
		3646388F2854CBDC00AEC887 /* Meal.swift */ = {isa = PBXFileReference; lastKnownFileType = sourcecode.swift; path = Meal.swift; sourceTree = "<group>"; };
		364638932854DB5400AEC887 /* MealDetailViewController.swift */ = {isa = PBXFileReference; lastKnownFileType = sourcecode.swift; path = MealDetailViewController.swift; sourceTree = "<group>"; };
		364638972854F5C900AEC887 /* InstructionsSheetViewcontroller.swift */ = {isa = PBXFileReference; lastKnownFileType = sourcecode.swift; path = InstructionsSheetViewcontroller.swift; sourceTree = "<group>"; };
		364638992854F61200AEC887 /* IngredientsSheetViewController.swift */ = {isa = PBXFileReference; lastKnownFileType = sourcecode.swift; path = IngredientsSheetViewController.swift; sourceTree = "<group>"; };
		3646705E2853B885008B518C /* MealsTableViewCell.swift */ = {isa = PBXFileReference; lastKnownFileType = sourcecode.swift; path = MealsTableViewCell.swift; sourceTree = "<group>"; };
		36B7F52F285388BE001EDAA7 /* codeChallenge.app */ = {isa = PBXFileReference; explicitFileType = wrapper.application; includeInIndex = 0; path = codeChallenge.app; sourceTree = BUILT_PRODUCTS_DIR; };
		36B7F532285388BE001EDAA7 /* AppDelegate.swift */ = {isa = PBXFileReference; lastKnownFileType = sourcecode.swift; path = AppDelegate.swift; sourceTree = "<group>"; };
		36B7F534285388BE001EDAA7 /* SceneDelegate.swift */ = {isa = PBXFileReference; lastKnownFileType = sourcecode.swift; path = SceneDelegate.swift; sourceTree = "<group>"; };
		36B7F536285388BE001EDAA7 /* ViewController.swift */ = {isa = PBXFileReference; lastKnownFileType = sourcecode.swift; path = ViewController.swift; sourceTree = "<group>"; };
		36B7F539285388BE001EDAA7 /* Base */ = {isa = PBXFileReference; lastKnownFileType = file.storyboard; name = Base; path = Base.lproj/Main.storyboard; sourceTree = "<group>"; };
		36B7F53B285388C1001EDAA7 /* Assets.xcassets */ = {isa = PBXFileReference; lastKnownFileType = folder.assetcatalog; path = Assets.xcassets; sourceTree = "<group>"; };
		36B7F53E285388C1001EDAA7 /* Base */ = {isa = PBXFileReference; lastKnownFileType = file.storyboard; name = Base; path = Base.lproj/LaunchScreen.storyboard; sourceTree = "<group>"; };
		36B7F540285388C1001EDAA7 /* Info.plist */ = {isa = PBXFileReference; lastKnownFileType = text.plist.xml; path = Info.plist; sourceTree = "<group>"; };
		36B7F545285388C2001EDAA7 /* codeChallengeTests.xctest */ = {isa = PBXFileReference; explicitFileType = wrapper.cfbundle; includeInIndex = 0; path = codeChallengeTests.xctest; sourceTree = BUILT_PRODUCTS_DIR; };
		36B7F549285388C2001EDAA7 /* codeChallengeTests.swift */ = {isa = PBXFileReference; lastKnownFileType = sourcecode.swift; path = codeChallengeTests.swift; sourceTree = "<group>"; };
		36B7F54F285388C2001EDAA7 /* codeChallengeUITests.xctest */ = {isa = PBXFileReference; explicitFileType = wrapper.cfbundle; includeInIndex = 0; path = codeChallengeUITests.xctest; sourceTree = BUILT_PRODUCTS_DIR; };
		36B7F553285388C2001EDAA7 /* codeChallengeUITests.swift */ = {isa = PBXFileReference; lastKnownFileType = sourcecode.swift; path = codeChallengeUITests.swift; sourceTree = "<group>"; };
		36B7F555285388C2001EDAA7 /* codeChallengeUITestsLaunchTests.swift */ = {isa = PBXFileReference; lastKnownFileType = sourcecode.swift; path = codeChallengeUITestsLaunchTests.swift; sourceTree = "<group>"; };
		72048827C8F174CA79DB4E7A /* Pods-codeChallenge-codeChallengeUITests.debug.xcconfig */ = {isa = PBXFileReference; includeInIndex = 1; lastKnownFileType = text.xcconfig; name = "Pods-codeChallenge-codeChallengeUITests.debug.xcconfig"; path = "Target Support Files/Pods-codeChallenge-codeChallengeUITests/Pods-codeChallenge-codeChallengeUITests.debug.xcconfig"; sourceTree = "<group>"; };
		9B0629F6569F2480C2D79520 /* Pods-codeChallenge.release.xcconfig */ = {isa = PBXFileReference; includeInIndex = 1; lastKnownFileType = text.xcconfig; name = "Pods-codeChallenge.release.xcconfig"; path = "Target Support Files/Pods-codeChallenge/Pods-codeChallenge.release.xcconfig"; sourceTree = "<group>"; };
		9C5353BB2669B1E445199766 /* Pods_codeChallenge.framework */ = {isa = PBXFileReference; explicitFileType = wrapper.framework; includeInIndex = 0; path = Pods_codeChallenge.framework; sourceTree = BUILT_PRODUCTS_DIR; };
		9F01AF67A094E083C6457B5B /* Pods-codeChallenge.debug.xcconfig */ = {isa = PBXFileReference; includeInIndex = 1; lastKnownFileType = text.xcconfig; name = "Pods-codeChallenge.debug.xcconfig"; path = "Target Support Files/Pods-codeChallenge/Pods-codeChallenge.debug.xcconfig"; sourceTree = "<group>"; };
		A9EDB33560F4FD79648DCB5D /* Pods_codeChallenge_codeChallengeUITests.framework */ = {isa = PBXFileReference; explicitFileType = wrapper.framework; includeInIndex = 0; path = Pods_codeChallenge_codeChallengeUITests.framework; sourceTree = BUILT_PRODUCTS_DIR; };
		EFF06E3A5E117432A0B3D92A /* Pods_codeChallengeTests.framework */ = {isa = PBXFileReference; explicitFileType = wrapper.framework; includeInIndex = 0; path = Pods_codeChallengeTests.framework; sourceTree = BUILT_PRODUCTS_DIR; };
		F51451B1B614B15CBE64A97E /* Pods-codeChallengeTests.debug.xcconfig */ = {isa = PBXFileReference; includeInIndex = 1; lastKnownFileType = text.xcconfig; name = "Pods-codeChallengeTests.debug.xcconfig"; path = "Target Support Files/Pods-codeChallengeTests/Pods-codeChallengeTests.debug.xcconfig"; sourceTree = "<group>"; };
		FDF10303554F027295199337 /* Pods-codeChallenge-codeChallengeUITests.release.xcconfig */ = {isa = PBXFileReference; includeInIndex = 1; lastKnownFileType = text.xcconfig; name = "Pods-codeChallenge-codeChallengeUITests.release.xcconfig"; path = "Target Support Files/Pods-codeChallenge-codeChallengeUITests/Pods-codeChallenge-codeChallengeUITests.release.xcconfig"; sourceTree = "<group>"; };
/* End PBXFileReference section */

/* Begin PBXFrameworksBuildPhase section */
		36B7F52C285388BE001EDAA7 /* Frameworks */ = {
			isa = PBXFrameworksBuildPhase;
			buildActionMask = 2147483647;
			files = (
				AF8463EFD93C589566095DB9 /* Pods_codeChallenge.framework in Frameworks */,
			);
			runOnlyForDeploymentPostprocessing = 0;
		};
		36B7F542285388C2001EDAA7 /* Frameworks */ = {
			isa = PBXFrameworksBuildPhase;
			buildActionMask = 2147483647;
			files = (
				5B6F555631D5D6A92122D902 /* Pods_codeChallengeTests.framework in Frameworks */,
			);
			runOnlyForDeploymentPostprocessing = 0;
		};
		36B7F54C285388C2001EDAA7 /* Frameworks */ = {
			isa = PBXFrameworksBuildPhase;
			buildActionMask = 2147483647;
			files = (
				FA61C6A4824D06B1ABA1A310 /* Pods_codeChallenge_codeChallengeUITests.framework in Frameworks */,
			);
			runOnlyForDeploymentPostprocessing = 0;
		};
/* End PBXFrameworksBuildPhase section */

/* Begin PBXGroup section */
		36B7F526285388BE001EDAA7 = {
			isa = PBXGroup;
			children = (
				36B7F531285388BE001EDAA7 /* codeChallenge */,
				36B7F548285388C2001EDAA7 /* codeChallengeTests */,
				36B7F552285388C2001EDAA7 /* codeChallengeUITests */,
				36B7F530285388BE001EDAA7 /* Products */,
				F8AE19799F150554C268CD27 /* Pods */,
				C6FBF36CA4B1FF598168FD76 /* Frameworks */,
			);
			sourceTree = "<group>";
		};
		36B7F530285388BE001EDAA7 /* Products */ = {
			isa = PBXGroup;
			children = (
				36B7F52F285388BE001EDAA7 /* codeChallenge.app */,
				36B7F545285388C2001EDAA7 /* codeChallengeTests.xctest */,
				36B7F54F285388C2001EDAA7 /* codeChallengeUITests.xctest */,
			);
			name = Products;
			sourceTree = "<group>";
		};
		36B7F531285388BE001EDAA7 /* codeChallenge */ = {
			isa = PBXGroup;
			children = (
				36B7F532285388BE001EDAA7 /* AppDelegate.swift */,
				36B7F534285388BE001EDAA7 /* SceneDelegate.swift */,
				36B7F536285388BE001EDAA7 /* ViewController.swift */,
				36463889285401EA00AEC887 /* CategoryTableViewCell.swift */,
				364638872853F8C800AEC887 /* Categories.swift */,
				364638832853E09300AEC887 /* Category.swift */,
				36B7F538285388BE001EDAA7 /* Main.storyboard */,
				36B7F53D285388C1001EDAA7 /* LaunchScreen.storyboard */,
				36B7F53B285388C1001EDAA7 /* Assets.xcassets */,
				36B7F540285388C1001EDAA7 /* Info.plist */,
				3646388B2854C28D00AEC887 /* MealsViewController.swift */,
				3646705E2853B885008B518C /* MealsTableViewCell.swift */,
				3646388D2854CB7B00AEC887 /* Meals.swift */,
				3646388F2854CBDC00AEC887 /* Meal.swift */,
				364638932854DB5400AEC887 /* MealDetailViewController.swift */,
				364638972854F5C900AEC887 /* InstructionsSheetViewcontroller.swift */,
				364638992854F61200AEC887 /* IngredientsSheetViewController.swift */,
			);
			path = codeChallenge;
			sourceTree = "<group>";
		};
		36B7F548285388C2001EDAA7 /* codeChallengeTests */ = {
			isa = PBXGroup;
			children = (
				36B7F549285388C2001EDAA7 /* codeChallengeTests.swift */,
			);
			path = codeChallengeTests;
			sourceTree = "<group>";
		};
		36B7F552285388C2001EDAA7 /* codeChallengeUITests */ = {
			isa = PBXGroup;
			children = (
				36B7F553285388C2001EDAA7 /* codeChallengeUITests.swift */,
				36B7F555285388C2001EDAA7 /* codeChallengeUITestsLaunchTests.swift */,
			);
			path = codeChallengeUITests;
			sourceTree = "<group>";
		};
		C6FBF36CA4B1FF598168FD76 /* Frameworks */ = {
			isa = PBXGroup;
			children = (
				9C5353BB2669B1E445199766 /* Pods_codeChallenge.framework */,
				A9EDB33560F4FD79648DCB5D /* Pods_codeChallenge_codeChallengeUITests.framework */,
				EFF06E3A5E117432A0B3D92A /* Pods_codeChallengeTests.framework */,
			);
			name = Frameworks;
			sourceTree = "<group>";
		};
		F8AE19799F150554C268CD27 /* Pods */ = {
			isa = PBXGroup;
			children = (
				9F01AF67A094E083C6457B5B /* Pods-codeChallenge.debug.xcconfig */,
				9B0629F6569F2480C2D79520 /* Pods-codeChallenge.release.xcconfig */,
				72048827C8F174CA79DB4E7A /* Pods-codeChallenge-codeChallengeUITests.debug.xcconfig */,
				FDF10303554F027295199337 /* Pods-codeChallenge-codeChallengeUITests.release.xcconfig */,
				F51451B1B614B15CBE64A97E /* Pods-codeChallengeTests.debug.xcconfig */,
				00664066343D9AE8A95A0460 /* Pods-codeChallengeTests.release.xcconfig */,
			);
			path = Pods;
			sourceTree = "<group>";
		};
/* End PBXGroup section */

/* Begin PBXNativeTarget section */
		36B7F52E285388BE001EDAA7 /* codeChallenge */ = {
			isa = PBXNativeTarget;
			buildConfigurationList = 36B7F559285388C2001EDAA7 /* Build configuration list for PBXNativeTarget "codeChallenge" */;
			buildPhases = (
				778614B3588B0DF4F4FA43B7 /* [CP] Check Pods Manifest.lock */,
				36B7F52B285388BE001EDAA7 /* Sources */,
				36B7F52C285388BE001EDAA7 /* Frameworks */,
				36B7F52D285388BE001EDAA7 /* Resources */,
				E0A484C4EC82AB2889D70057 /* [CP] Embed Pods Frameworks */,
			);
			buildRules = (
			);
			dependencies = (
			);
			name = codeChallenge;
			productName = codeChallenge;
			productReference = 36B7F52F285388BE001EDAA7 /* codeChallenge.app */;
			productType = "com.apple.product-type.application";
		};
		36B7F544285388C2001EDAA7 /* codeChallengeTests */ = {
			isa = PBXNativeTarget;
			buildConfigurationList = 36B7F55C285388C2001EDAA7 /* Build configuration list for PBXNativeTarget "codeChallengeTests" */;
			buildPhases = (
				9880A55DE0F1C95C35C0C8C6 /* [CP] Check Pods Manifest.lock */,
				36B7F541285388C2001EDAA7 /* Sources */,
				36B7F542285388C2001EDAA7 /* Frameworks */,
				36B7F543285388C2001EDAA7 /* Resources */,
			);
			buildRules = (
			);
			dependencies = (
				36B7F547285388C2001EDAA7 /* PBXTargetDependency */,
			);
			name = codeChallengeTests;
			productName = codeChallengeTests;
			productReference = 36B7F545285388C2001EDAA7 /* codeChallengeTests.xctest */;
			productType = "com.apple.product-type.bundle.unit-test";
		};
		36B7F54E285388C2001EDAA7 /* codeChallengeUITests */ = {
			isa = PBXNativeTarget;
			buildConfigurationList = 36B7F55F285388C2001EDAA7 /* Build configuration list for PBXNativeTarget "codeChallengeUITests" */;
			buildPhases = (
				2C856FD8B346986F99246166 /* [CP] Check Pods Manifest.lock */,
				36B7F54B285388C2001EDAA7 /* Sources */,
				36B7F54C285388C2001EDAA7 /* Frameworks */,
				36B7F54D285388C2001EDAA7 /* Resources */,
				3117AACF530BA4FFA259C268 /* [CP] Embed Pods Frameworks */,
			);
			buildRules = (
			);
			dependencies = (
				36B7F551285388C2001EDAA7 /* PBXTargetDependency */,
			);
			name = codeChallengeUITests;
			productName = codeChallengeUITests;
			productReference = 36B7F54F285388C2001EDAA7 /* codeChallengeUITests.xctest */;
			productType = "com.apple.product-type.bundle.ui-testing";
		};
/* End PBXNativeTarget section */

/* Begin PBXProject section */
		36B7F527285388BE001EDAA7 /* Project object */ = {
			isa = PBXProject;
			attributes = {
				BuildIndependentTargetsInParallel = 1;
				LastSwiftUpdateCheck = 1340;
				LastUpgradeCheck = 1340;
				TargetAttributes = {
					36B7F52E285388BE001EDAA7 = {
						CreatedOnToolsVersion = 13.4.1;
					};
					36B7F544285388C2001EDAA7 = {
						CreatedOnToolsVersion = 13.4.1;
						TestTargetID = 36B7F52E285388BE001EDAA7;
					};
					36B7F54E285388C2001EDAA7 = {
						CreatedOnToolsVersion = 13.4.1;
						TestTargetID = 36B7F52E285388BE001EDAA7;
					};
				};
			};
			buildConfigurationList = 36B7F52A285388BE001EDAA7 /* Build configuration list for PBXProject "codeChallenge" */;
			compatibilityVersion = "Xcode 13.0";
			developmentRegion = en;
			hasScannedForEncodings = 0;
			knownRegions = (
				en,
				Base,
			);
			mainGroup = 36B7F526285388BE001EDAA7;
			productRefGroup = 36B7F530285388BE001EDAA7 /* Products */;
			projectDirPath = "";
			projectRoot = "";
			targets = (
				36B7F52E285388BE001EDAA7 /* codeChallenge */,
				36B7F544285388C2001EDAA7 /* codeChallengeTests */,
				36B7F54E285388C2001EDAA7 /* codeChallengeUITests */,
			);
		};
/* End PBXProject section */

/* Begin PBXResourcesBuildPhase section */
		36B7F52D285388BE001EDAA7 /* Resources */ = {
			isa = PBXResourcesBuildPhase;
			buildActionMask = 2147483647;
			files = (
				36B7F53F285388C1001EDAA7 /* LaunchScreen.storyboard in Resources */,
				36B7F53C285388C1001EDAA7 /* Assets.xcassets in Resources */,
				36B7F53A285388BE001EDAA7 /* Main.storyboard in Resources */,
			);
			runOnlyForDeploymentPostprocessing = 0;
		};
		36B7F543285388C2001EDAA7 /* Resources */ = {
			isa = PBXResourcesBuildPhase;
			buildActionMask = 2147483647;
			files = (
			);
			runOnlyForDeploymentPostprocessing = 0;
		};
		36B7F54D285388C2001EDAA7 /* Resources */ = {
			isa = PBXResourcesBuildPhase;
			buildActionMask = 2147483647;
			files = (
			);
			runOnlyForDeploymentPostprocessing = 0;
		};
/* End PBXResourcesBuildPhase section */

/* Begin PBXShellScriptBuildPhase section */
		2C856FD8B346986F99246166 /* [CP] Check Pods Manifest.lock */ = {
			isa = PBXShellScriptBuildPhase;
			buildActionMask = 2147483647;
			files = (
			);
			inputFileListPaths = (
			);
			inputPaths = (
				"${PODS_PODFILE_DIR_PATH}/Podfile.lock",
				"${PODS_ROOT}/Manifest.lock",
			);
			name = "[CP] Check Pods Manifest.lock";
			outputFileListPaths = (
			);
			outputPaths = (
				"$(DERIVED_FILE_DIR)/Pods-codeChallenge-codeChallengeUITests-checkManifestLockResult.txt",
			);
			runOnlyForDeploymentPostprocessing = 0;
			shellPath = /bin/sh;
			shellScript = "diff \"${PODS_PODFILE_DIR_PATH}/Podfile.lock\" \"${PODS_ROOT}/Manifest.lock\" > /dev/null\nif [ $? != 0 ] ; then\n    # print error to STDERR\n    echo \"error: The sandbox is not in sync with the Podfile.lock. Run 'pod install' or update your CocoaPods installation.\" >&2\n    exit 1\nfi\n# This output is used by Xcode 'outputs' to avoid re-running this script phase.\necho \"SUCCESS\" > \"${SCRIPT_OUTPUT_FILE_0}\"\n";
			showEnvVarsInLog = 0;
		};
		3117AACF530BA4FFA259C268 /* [CP] Embed Pods Frameworks */ = {
			isa = PBXShellScriptBuildPhase;
			buildActionMask = 2147483647;
			files = (
			);
			inputFileListPaths = (
				"${PODS_ROOT}/Target Support Files/Pods-codeChallenge-codeChallengeUITests/Pods-codeChallenge-codeChallengeUITests-frameworks-${CONFIGURATION}-input-files.xcfilelist",
			);
			name = "[CP] Embed Pods Frameworks";
			outputFileListPaths = (
				"${PODS_ROOT}/Target Support Files/Pods-codeChallenge-codeChallengeUITests/Pods-codeChallenge-codeChallengeUITests-frameworks-${CONFIGURATION}-output-files.xcfilelist",
			);
			runOnlyForDeploymentPostprocessing = 0;
			shellPath = /bin/sh;
			shellScript = "\"${PODS_ROOT}/Target Support Files/Pods-codeChallenge-codeChallengeUITests/Pods-codeChallenge-codeChallengeUITests-frameworks.sh\"\n";
			showEnvVarsInLog = 0;
		};
		778614B3588B0DF4F4FA43B7 /* [CP] Check Pods Manifest.lock */ = {
			isa = PBXShellScriptBuildPhase;
			buildActionMask = 2147483647;
			files = (
			);
			inputFileListPaths = (
			);
			inputPaths = (
				"${PODS_PODFILE_DIR_PATH}/Podfile.lock",
				"${PODS_ROOT}/Manifest.lock",
			);
			name = "[CP] Check Pods Manifest.lock";
			outputFileListPaths = (
			);
			outputPaths = (
				"$(DERIVED_FILE_DIR)/Pods-codeChallenge-checkManifestLockResult.txt",
			);
			runOnlyForDeploymentPostprocessing = 0;
			shellPath = /bin/sh;
			shellScript = "diff \"${PODS_PODFILE_DIR_PATH}/Podfile.lock\" \"${PODS_ROOT}/Manifest.lock\" > /dev/null\nif [ $? != 0 ] ; then\n    # print error to STDERR\n    echo \"error: The sandbox is not in sync with the Podfile.lock. Run 'pod install' or update your CocoaPods installation.\" >&2\n    exit 1\nfi\n# This output is used by Xcode 'outputs' to avoid re-running this script phase.\necho \"SUCCESS\" > \"${SCRIPT_OUTPUT_FILE_0}\"\n";
			showEnvVarsInLog = 0;
		};
		9880A55DE0F1C95C35C0C8C6 /* [CP] Check Pods Manifest.lock */ = {
			isa = PBXShellScriptBuildPhase;
			buildActionMask = 2147483647;
			files = (
			);
			inputFileListPaths = (
			);
			inputPaths = (
				"${PODS_PODFILE_DIR_PATH}/Podfile.lock",
				"${PODS_ROOT}/Manifest.lock",
			);
			name = "[CP] Check Pods Manifest.lock";
			outputFileListPaths = (
			);
			outputPaths = (
				"$(DERIVED_FILE_DIR)/Pods-codeChallengeTests-checkManifestLockResult.txt",
			);
			runOnlyForDeploymentPostprocessing = 0;
			shellPath = /bin/sh;
			shellScript = "diff \"${PODS_PODFILE_DIR_PATH}/Podfile.lock\" \"${PODS_ROOT}/Manifest.lock\" > /dev/null\nif [ $? != 0 ] ; then\n    # print error to STDERR\n    echo \"error: The sandbox is not in sync with the Podfile.lock. Run 'pod install' or update your CocoaPods installation.\" >&2\n    exit 1\nfi\n# This output is used by Xcode 'outputs' to avoid re-running this script phase.\necho \"SUCCESS\" > \"${SCRIPT_OUTPUT_FILE_0}\"\n";
			showEnvVarsInLog = 0;
		};
		E0A484C4EC82AB2889D70057 /* [CP] Embed Pods Frameworks */ = {
			isa = PBXShellScriptBuildPhase;
			buildActionMask = 2147483647;
			files = (
			);
			inputFileListPaths = (
				"${PODS_ROOT}/Target Support Files/Pods-codeChallenge/Pods-codeChallenge-frameworks-${CONFIGURATION}-input-files.xcfilelist",
			);
			name = "[CP] Embed Pods Frameworks";
			outputFileListPaths = (
				"${PODS_ROOT}/Target Support Files/Pods-codeChallenge/Pods-codeChallenge-frameworks-${CONFIGURATION}-output-files.xcfilelist",
			);
			runOnlyForDeploymentPostprocessing = 0;
			shellPath = /bin/sh;
			shellScript = "\"${PODS_ROOT}/Target Support Files/Pods-codeChallenge/Pods-codeChallenge-frameworks.sh\"\n";
			showEnvVarsInLog = 0;
		};
/* End PBXShellScriptBuildPhase section */

/* Begin PBXSourcesBuildPhase section */
		36B7F52B285388BE001EDAA7 /* Sources */ = {
			isa = PBXSourcesBuildPhase;
			buildActionMask = 2147483647;
			files = (
				364638902854CBDC00AEC887 /* Meal.swift in Sources */,
				3646388E2854CB7B00AEC887 /* Meals.swift in Sources */,
				3646705F2853B885008B518C /* MealsTableViewCell.swift in Sources */,
				364638982854F5C900AEC887 /* InstructionsSheetViewcontroller.swift in Sources */,
				364638842853E09300AEC887 /* Category.swift in Sources */,
				364638942854DB5400AEC887 /* MealDetailViewController.swift in Sources */,
				36B7F537285388BE001EDAA7 /* ViewController.swift in Sources */,
				36B7F533285388BE001EDAA7 /* AppDelegate.swift in Sources */,
				3646389A2854F61200AEC887 /* IngredientsSheetViewController.swift in Sources */,
				3646388A285401EA00AEC887 /* CategoryTableViewCell.swift in Sources */,
				3646388C2854C28D00AEC887 /* MealsViewController.swift in Sources */,
				36B7F535285388BE001EDAA7 /* SceneDelegate.swift in Sources */,
				364638882853F8C800AEC887 /* Categories.swift in Sources */,
			);
			runOnlyForDeploymentPostprocessing = 0;
		};
		36B7F541285388C2001EDAA7 /* Sources */ = {
			isa = PBXSourcesBuildPhase;
			buildActionMask = 2147483647;
			files = (
				36B7F54A285388C2001EDAA7 /* codeChallengeTests.swift in Sources */,
			);
			runOnlyForDeploymentPostprocessing = 0;
		};
		36B7F54B285388C2001EDAA7 /* Sources */ = {
			isa = PBXSourcesBuildPhase;
			buildActionMask = 2147483647;
			files = (
				36B7F554285388C2001EDAA7 /* codeChallengeUITests.swift in Sources */,
				36B7F556285388C2001EDAA7 /* codeChallengeUITestsLaunchTests.swift in Sources */,
			);
			runOnlyForDeploymentPostprocessing = 0;
		};
/* End PBXSourcesBuildPhase section */

/* Begin PBXTargetDependency section */
		36B7F547285388C2001EDAA7 /* PBXTargetDependency */ = {
			isa = PBXTargetDependency;
			target = 36B7F52E285388BE001EDAA7 /* codeChallenge */;
			targetProxy = 36B7F546285388C2001EDAA7 /* PBXContainerItemProxy */;
		};
		36B7F551285388C2001EDAA7 /* PBXTargetDependency */ = {
			isa = PBXTargetDependency;
			target = 36B7F52E285388BE001EDAA7 /* codeChallenge */;
			targetProxy = 36B7F550285388C2001EDAA7 /* PBXContainerItemProxy */;
		};
/* End PBXTargetDependency section */

/* Begin PBXVariantGroup section */
		36B7F538285388BE001EDAA7 /* Main.storyboard */ = {
			isa = PBXVariantGroup;
			children = (
				36B7F539285388BE001EDAA7 /* Base */,
			);
			name = Main.storyboard;
			sourceTree = "<group>";
		};
		36B7F53D285388C1001EDAA7 /* LaunchScreen.storyboard */ = {
			isa = PBXVariantGroup;
			children = (
				36B7F53E285388C1001EDAA7 /* Base */,
			);
			name = LaunchScreen.storyboard;
			sourceTree = "<group>";
		};
/* End PBXVariantGroup section */

/* Begin XCBuildConfiguration section */
		36B7F557285388C2001EDAA7 /* Debug */ = {
			isa = XCBuildConfiguration;
			buildSettings = {
				ALWAYS_SEARCH_USER_PATHS = NO;
				CLANG_ANALYZER_NONNULL = YES;
				CLANG_ANALYZER_NUMBER_OBJECT_CONVERSION = YES_AGGRESSIVE;
				CLANG_CXX_LANGUAGE_STANDARD = "gnu++17";
				CLANG_ENABLE_MODULES = YES;
				CLANG_ENABLE_OBJC_ARC = YES;
				CLANG_ENABLE_OBJC_WEAK = YES;
				CLANG_WARN_BLOCK_CAPTURE_AUTORELEASING = YES;
				CLANG_WARN_BOOL_CONVERSION = YES;
				CLANG_WARN_COMMA = YES;
				CLANG_WARN_CONSTANT_CONVERSION = YES;
				CLANG_WARN_DEPRECATED_OBJC_IMPLEMENTATIONS = YES;
				CLANG_WARN_DIRECT_OBJC_ISA_USAGE = YES_ERROR;
				CLANG_WARN_DOCUMENTATION_COMMENTS = YES;
				CLANG_WARN_EMPTY_BODY = YES;
				CLANG_WARN_ENUM_CONVERSION = YES;
				CLANG_WARN_INFINITE_RECURSION = YES;
				CLANG_WARN_INT_CONVERSION = YES;
				CLANG_WARN_NON_LITERAL_NULL_CONVERSION = YES;
				CLANG_WARN_OBJC_IMPLICIT_RETAIN_SELF = YES;
				CLANG_WARN_OBJC_LITERAL_CONVERSION = YES;
				CLANG_WARN_OBJC_ROOT_CLASS = YES_ERROR;
				CLANG_WARN_QUOTED_INCLUDE_IN_FRAMEWORK_HEADER = YES;
				CLANG_WARN_RANGE_LOOP_ANALYSIS = YES;
				CLANG_WARN_STRICT_PROTOTYPES = YES;
				CLANG_WARN_SUSPICIOUS_MOVE = YES;
				CLANG_WARN_UNGUARDED_AVAILABILITY = YES_AGGRESSIVE;
				CLANG_WARN_UNREACHABLE_CODE = YES;
				CLANG_WARN__DUPLICATE_METHOD_MATCH = YES;
				COPY_PHASE_STRIP = NO;
				DEBUG_INFORMATION_FORMAT = dwarf;
				ENABLE_STRICT_OBJC_MSGSEND = YES;
				ENABLE_TESTABILITY = YES;
				GCC_C_LANGUAGE_STANDARD = gnu11;
				GCC_DYNAMIC_NO_PIC = NO;
				GCC_NO_COMMON_BLOCKS = YES;
				GCC_OPTIMIZATION_LEVEL = 0;
				GCC_PREPROCESSOR_DEFINITIONS = (
					"DEBUG=1",
					"$(inherited)",
				);
				GCC_WARN_64_TO_32_BIT_CONVERSION = YES;
				GCC_WARN_ABOUT_RETURN_TYPE = YES_ERROR;
				GCC_WARN_UNDECLARED_SELECTOR = YES;
				GCC_WARN_UNINITIALIZED_AUTOS = YES_AGGRESSIVE;
				GCC_WARN_UNUSED_FUNCTION = YES;
				GCC_WARN_UNUSED_VARIABLE = YES;
				IPHONEOS_DEPLOYMENT_TARGET = 15.5;
				MTL_ENABLE_DEBUG_INFO = INCLUDE_SOURCE;
				MTL_FAST_MATH = YES;
				ONLY_ACTIVE_ARCH = YES;
				SDKROOT = iphoneos;
				SWIFT_ACTIVE_COMPILATION_CONDITIONS = DEBUG;
				SWIFT_OPTIMIZATION_LEVEL = "-Onone";
			};
			name = Debug;
		};
		36B7F558285388C2001EDAA7 /* Release */ = {
			isa = XCBuildConfiguration;
			buildSettings = {
				ALWAYS_SEARCH_USER_PATHS = NO;
				CLANG_ANALYZER_NONNULL = YES;
				CLANG_ANALYZER_NUMBER_OBJECT_CONVERSION = YES_AGGRESSIVE;
				CLANG_CXX_LANGUAGE_STANDARD = "gnu++17";
				CLANG_ENABLE_MODULES = YES;
				CLANG_ENABLE_OBJC_ARC = YES;
				CLANG_ENABLE_OBJC_WEAK = YES;
				CLANG_WARN_BLOCK_CAPTURE_AUTORELEASING = YES;
				CLANG_WARN_BOOL_CONVERSION = YES;
				CLANG_WARN_COMMA = YES;
				CLANG_WARN_CONSTANT_CONVERSION = YES;
				CLANG_WARN_DEPRECATED_OBJC_IMPLEMENTATIONS = YES;
				CLANG_WARN_DIRECT_OBJC_ISA_USAGE = YES_ERROR;
				CLANG_WARN_DOCUMENTATION_COMMENTS = YES;
				CLANG_WARN_EMPTY_BODY = YES;
				CLANG_WARN_ENUM_CONVERSION = YES;
				CLANG_WARN_INFINITE_RECURSION = YES;
				CLANG_WARN_INT_CONVERSION = YES;
				CLANG_WARN_NON_LITERAL_NULL_CONVERSION = YES;
				CLANG_WARN_OBJC_IMPLICIT_RETAIN_SELF = YES;
				CLANG_WARN_OBJC_LITERAL_CONVERSION = YES;
				CLANG_WARN_OBJC_ROOT_CLASS = YES_ERROR;
				CLANG_WARN_QUOTED_INCLUDE_IN_FRAMEWORK_HEADER = YES;
				CLANG_WARN_RANGE_LOOP_ANALYSIS = YES;
				CLANG_WARN_STRICT_PROTOTYPES = YES;
				CLANG_WARN_SUSPICIOUS_MOVE = YES;
				CLANG_WARN_UNGUARDED_AVAILABILITY = YES_AGGRESSIVE;
				CLANG_WARN_UNREACHABLE_CODE = YES;
				CLANG_WARN__DUPLICATE_METHOD_MATCH = YES;
				COPY_PHASE_STRIP = NO;
				DEBUG_INFORMATION_FORMAT = "dwarf-with-dsym";
				ENABLE_NS_ASSERTIONS = NO;
				ENABLE_STRICT_OBJC_MSGSEND = YES;
				GCC_C_LANGUAGE_STANDARD = gnu11;
				GCC_NO_COMMON_BLOCKS = YES;
				GCC_WARN_64_TO_32_BIT_CONVERSION = YES;
				GCC_WARN_ABOUT_RETURN_TYPE = YES_ERROR;
				GCC_WARN_UNDECLARED_SELECTOR = YES;
				GCC_WARN_UNINITIALIZED_AUTOS = YES_AGGRESSIVE;
				GCC_WARN_UNUSED_FUNCTION = YES;
				GCC_WARN_UNUSED_VARIABLE = YES;
				IPHONEOS_DEPLOYMENT_TARGET = 15.5;
				MTL_ENABLE_DEBUG_INFO = NO;
				MTL_FAST_MATH = YES;
				SDKROOT = iphoneos;
				SWIFT_COMPILATION_MODE = wholemodule;
				SWIFT_OPTIMIZATION_LEVEL = "-O";
				VALIDATE_PRODUCT = YES;
			};
			name = Release;
		};
		36B7F55A285388C2001EDAA7 /* Debug */ = {
			isa = XCBuildConfiguration;
			baseConfigurationReference = 9F01AF67A094E083C6457B5B /* Pods-codeChallenge.debug.xcconfig */;
			buildSettings = {
				ASSETCATALOG_COMPILER_APPICON_NAME = AppIcon;
				ASSETCATALOG_COMPILER_GLOBAL_ACCENT_COLOR_NAME = AccentColor;
				CODE_SIGN_STYLE = Automatic;
				CURRENT_PROJECT_VERSION = 1;
				GENERATE_INFOPLIST_FILE = YES;
				INFOPLIST_FILE = codeChallenge/Info.plist;
				INFOPLIST_KEY_UIApplicationSupportsIndirectInputEvents = YES;
				INFOPLIST_KEY_UILaunchStoryboardName = LaunchScreen;
				INFOPLIST_KEY_UIMainStoryboardFile = Main;
				INFOPLIST_KEY_UISupportedInterfaceOrientations = UIInterfaceOrientationPortrait;
				INFOPLIST_KEY_UISupportedInterfaceOrientations_iPad = "UIInterfaceOrientationPortrait UIInterfaceOrientationPortraitUpsideDown UIInterfaceOrientationLandscapeLeft UIInterfaceOrientationLandscapeRight";
				INFOPLIST_KEY_UISupportedInterfaceOrientations_iPhone = "UIInterfaceOrientationPortrait UIInterfaceOrientationLandscapeLeft UIInterfaceOrientationLandscapeRight";
				LD_RUNPATH_SEARCH_PATHS = (
					"$(inherited)",
					"@executable_path/Frameworks",
				);
				MARKETING_VERSION = 1.0;
				PRODUCT_BUNDLE_IDENTIFIER = com.jorgeirun.codeChallenge;
				PRODUCT_NAME = "$(TARGET_NAME)";
				SWIFT_EMIT_LOC_STRINGS = YES;
				SWIFT_VERSION = 5.0;
				TARGETED_DEVICE_FAMILY = "1,2";
			};
			name = Debug;
		};
		36B7F55B285388C2001EDAA7 /* Release */ = {
			isa = XCBuildConfiguration;
			baseConfigurationReference = 9B0629F6569F2480C2D79520 /* Pods-codeChallenge.release.xcconfig */;
			buildSettings = {
				ASSETCATALOG_COMPILER_APPICON_NAME = AppIcon;
				ASSETCATALOG_COMPILER_GLOBAL_ACCENT_COLOR_NAME = AccentColor;
				CODE_SIGN_STYLE = Automatic;
				CURRENT_PROJECT_VERSION = 1;
				GENERATE_INFOPLIST_FILE = YES;
				INFOPLIST_FILE = codeChallenge/Info.plist;
				INFOPLIST_KEY_UIApplicationSupportsIndirectInputEvents = YES;
				INFOPLIST_KEY_UILaunchStoryboardName = LaunchScreen;
				INFOPLIST_KEY_UIMainStoryboardFile = Main;
				INFOPLIST_KEY_UISupportedInterfaceOrientations = UIInterfaceOrientationPortrait;
				INFOPLIST_KEY_UISupportedInterfaceOrientations_iPad = "UIInterfaceOrientationPortrait UIInterfaceOrientationPortraitUpsideDown UIInterfaceOrientationLandscapeLeft UIInterfaceOrientationLandscapeRight";
				INFOPLIST_KEY_UISupportedInterfaceOrientations_iPhone = "UIInterfaceOrientationPortrait UIInterfaceOrientationLandscapeLeft UIInterfaceOrientationLandscapeRight";
				LD_RUNPATH_SEARCH_PATHS = (
					"$(inherited)",
					"@executable_path/Frameworks",
				);
				MARKETING_VERSION = 1.0;
				PRODUCT_BUNDLE_IDENTIFIER = com.jorgeirun.codeChallenge;
				PRODUCT_NAME = "$(TARGET_NAME)";
				SWIFT_EMIT_LOC_STRINGS = YES;
				SWIFT_VERSION = 5.0;
				TARGETED_DEVICE_FAMILY = "1,2";
			};
			name = Release;
		};
		36B7F55D285388C2001EDAA7 /* Debug */ = {
			isa = XCBuildConfiguration;
			baseConfigurationReference = F51451B1B614B15CBE64A97E /* Pods-codeChallengeTests.debug.xcconfig */;
			buildSettings = {
				ALWAYS_EMBED_SWIFT_STANDARD_LIBRARIES = YES;
				BUNDLE_LOADER = "$(TEST_HOST)";
				CODE_SIGN_STYLE = Automatic;
				CURRENT_PROJECT_VERSION = 1;
				GENERATE_INFOPLIST_FILE = YES;
				IPHONEOS_DEPLOYMENT_TARGET = 15.5;
				MARKETING_VERSION = 1.0;
				PRODUCT_BUNDLE_IDENTIFIER = com.jorgeirun.codeChallengeTests;
				PRODUCT_NAME = "$(TARGET_NAME)";
				SWIFT_EMIT_LOC_STRINGS = NO;
				SWIFT_VERSION = 5.0;
				TARGETED_DEVICE_FAMILY = "1,2";
				TEST_HOST = "$(BUILT_PRODUCTS_DIR)/codeChallenge.app/codeChallenge";
			};
			name = Debug;
		};
		36B7F55E285388C2001EDAA7 /* Release */ = {
			isa = XCBuildConfiguration;
			baseConfigurationReference = 00664066343D9AE8A95A0460 /* Pods-codeChallengeTests.release.xcconfig */;
			buildSettings = {
				ALWAYS_EMBED_SWIFT_STANDARD_LIBRARIES = YES;
				BUNDLE_LOADER = "$(TEST_HOST)";
				CODE_SIGN_STYLE = Automatic;
				CURRENT_PROJECT_VERSION = 1;
				GENERATE_INFOPLIST_FILE = YES;
				IPHONEOS_DEPLOYMENT_TARGET = 15.5;
				MARKETING_VERSION = 1.0;
				PRODUCT_BUNDLE_IDENTIFIER = com.jorgeirun.codeChallengeTests;
				PRODUCT_NAME = "$(TARGET_NAME)";
				SWIFT_EMIT_LOC_STRINGS = NO;
				SWIFT_VERSION = 5.0;
				TARGETED_DEVICE_FAMILY = "1,2";
				TEST_HOST = "$(BUILT_PRODUCTS_DIR)/codeChallenge.app/codeChallenge";
			};
			name = Release;
		};
		36B7F560285388C2001EDAA7 /* Debug */ = {
			isa = XCBuildConfiguration;
			baseConfigurationReference = 72048827C8F174CA79DB4E7A /* Pods-codeChallenge-codeChallengeUITests.debug.xcconfig */;
			buildSettings = {
				ALWAYS_EMBED_SWIFT_STANDARD_LIBRARIES = YES;
				CODE_SIGN_STYLE = Automatic;
				CURRENT_PROJECT_VERSION = 1;
				GENERATE_INFOPLIST_FILE = YES;
				MARKETING_VERSION = 1.0;
				PRODUCT_BUNDLE_IDENTIFIER = com.jorgeirun.codeChallengeUITests;
				PRODUCT_NAME = "$(TARGET_NAME)";
				SWIFT_EMIT_LOC_STRINGS = NO;
				SWIFT_VERSION = 5.0;
				TARGETED_DEVICE_FAMILY = "1,2";
				TEST_TARGET_NAME = codeChallenge;
			};
			name = Debug;
		};
		36B7F561285388C2001EDAA7 /* Release */ = {
			isa = XCBuildConfiguration;
			baseConfigurationReference = FDF10303554F027295199337 /* Pods-codeChallenge-codeChallengeUITests.release.xcconfig */;
			buildSettings = {
				ALWAYS_EMBED_SWIFT_STANDARD_LIBRARIES = YES;
				CODE_SIGN_STYLE = Automatic;
				CURRENT_PROJECT_VERSION = 1;
				GENERATE_INFOPLIST_FILE = YES;
				MARKETING_VERSION = 1.0;
				PRODUCT_BUNDLE_IDENTIFIER = com.jorgeirun.codeChallengeUITests;
				PRODUCT_NAME = "$(TARGET_NAME)";
				SWIFT_EMIT_LOC_STRINGS = NO;
				SWIFT_VERSION = 5.0;
				TARGETED_DEVICE_FAMILY = "1,2";
				TEST_TARGET_NAME = codeChallenge;
			};
			name = Release;
		};
/* End XCBuildConfiguration section */

/* Begin XCConfigurationList section */
		36B7F52A285388BE001EDAA7 /* Build configuration list for PBXProject "codeChallenge" */ = {
			isa = XCConfigurationList;
			buildConfigurations = (
				36B7F557285388C2001EDAA7 /* Debug */,
				36B7F558285388C2001EDAA7 /* Release */,
			);
			defaultConfigurationIsVisible = 0;
			defaultConfigurationName = Release;
		};
		36B7F559285388C2001EDAA7 /* Build configuration list for PBXNativeTarget "codeChallenge" */ = {
			isa = XCConfigurationList;
			buildConfigurations = (
				36B7F55A285388C2001EDAA7 /* Debug */,
				36B7F55B285388C2001EDAA7 /* Release */,
			);
			defaultConfigurationIsVisible = 0;
			defaultConfigurationName = Release;
		};
		36B7F55C285388C2001EDAA7 /* Build configuration list for PBXNativeTarget "codeChallengeTests" */ = {
			isa = XCConfigurationList;
			buildConfigurations = (
				36B7F55D285388C2001EDAA7 /* Debug */,
				36B7F55E285388C2001EDAA7 /* Release */,
			);
			defaultConfigurationIsVisible = 0;
			defaultConfigurationName = Release;
		};
		36B7F55F285388C2001EDAA7 /* Build configuration list for PBXNativeTarget "codeChallengeUITests" */ = {
			isa = XCConfigurationList;
			buildConfigurations = (
				36B7F560285388C2001EDAA7 /* Debug */,
				36B7F561285388C2001EDAA7 /* Release */,
			);
			defaultConfigurationIsVisible = 0;
			defaultConfigurationName = Release;
		};
/* End XCConfigurationList section */
	};
	rootObject = 36B7F527285388BE001EDAA7 /* Project object */;
}
